<?xml version="1.0" encoding="utf-8"?>
<Project ToolsVersion="15.0" xmlns="http://schemas.microsoft.com/developer/msbuild/2003">
  <ItemGroup>
    <Filter Include="Resource Files">
      <UniqueIdentifier>{67DA6AB6-F800-4c08-8B7A-83BB121AAD01}</UniqueIdentifier>
      <Extensions>rc;ico;cur;bmp;dlg;rc2;rct;bin;rgs;gif;jpg;jpeg;jpe;resx;tga;tiff;tif;png;wav;mfcribbon-ms</Extensions>
    </Filter>
    <Filter Include="Source">
      <UniqueIdentifier>{2dcc4148-4de2-4e5c-8cf2-eddc87749a5c}</UniqueIdentifier>
    </Filter>
    <Filter Include="Headers">
      <UniqueIdentifier>{e750b9b5-f687-4df9-9ceb-b254f5691fac}</UniqueIdentifier>
    </Filter>
  </ItemGroup>
  <ItemGroup>
    <ClCompile Include="pch.cpp" />
    <ClCompile Include="CCharacterMgr.cpp">
      <Filter>Source</Filter>
    </ClCompile>
  </ItemGroup>
  <ItemGroup>
    <ClInclude Include="pch.h" />
    <ClInclude Include="targetver.h" />
    <ClInclude Include="CAttributes.h">
      <Filter>Headers</Filter>
    </ClInclude>
    <ClInclude Include="CCharacter.h">
      <Filter>Headers</Filter>
    </ClInclude>
    <ClInclude Include="CCharacterMgr.h">
      <Filter>Headers</Filter>
    </ClInclude>
    <ClInclude Include="CCombatAttributes.h">
      <Filter>Headers</Filter>
    </ClInclude>
    <ClInclude Include="CExperience.h">
      <Filter>Headers</Filter>
    </ClInclude>
    <ClInclude Include="CHealth.h">
      <Filter>Headers</Filter>
    </ClInclude>
    <ClInclude Include="CMagicAttributes.h">
      <Filter>Headers</Filter>
    </ClInclude>
    <ClInclude Include="Common.h">
      <Filter>Headers</Filter>
    </ClInclude>
    <ClInclude Include="CPhysicalTraits.h">
      <Filter>Headers</Filter>
    </ClInclude>
    <ClInclude Include="CSocialAttributes.h">
      <Filter>Headers</Filter>
    </ClInclude>
    <ClInclude Include="CWealth.h">
      <Filter>Headers</Filter>
    </ClInclude>
    <ClInclude Include="CResistanceAttributes.h">
      <Filter>Headers</Filter>
    </ClInclude>
  </ItemGroup>
</Project>